
Microsoft Visual Studio Solution File, Format Version 12.00
# Visual Studio Version 16
VisualStudioVersion = 16.0.29613.14
MinimumVisualStudioVersion = 10.0.40219.1
Project("{FAE04EC0-301F-11D3-BF4B-00C04F79EFBC}") = "01_Atributo", "01_Atributo\01_Atributo.csproj", "{D0AF3F58-7595-412D-94DE-0BD1705C5106}"
EndProject
Project("{FAE04EC0-301F-11D3-BF4B-00C04F79EFBC}") = "02_Validacao", "02_Validacao\02_Validacao.csproj", "{3C6DBF4A-F6EB-4DBF-B434-15DA2FF161E2}"
EndProject
Project("{FAE04EC0-301F-11D3-BF4B-00C04F79EFBC}") = "03_ValidacaoCostumizada", "03_ValidacaoCostumizada\03_ValidacaoCostumizada.csproj", "{FB5DED90-33BB-4F22-812A-D3BA5EFDFB27}"
EndProject
Project("{FAE04EC0-301F-11D3-BF4B-00C04F79EFBC}") = "04_Reflection", "04_Reflection\04_Reflection.csproj", "{286D400F-492C-4970-BA40-FADD9B77BC64}"
EndProject
Global
	GlobalSection(SolutionConfigurationPlatforms) = preSolution
		Debug|Any CPU = Debug|Any CPU
		Release|Any CPU = Release|Any CPU
	EndGlobalSection
	GlobalSection(ProjectConfigurationPlatforms) = postSolution
		{D0AF3F58-7595-412D-94DE-0BD1705C5106}.Debug|Any CPU.ActiveCfg = Debug|Any CPU
		{D0AF3F58-7595-412D-94DE-0BD1705C5106}.Debug|Any CPU.Build.0 = Debug|Any CPU
		{D0AF3F58-7595-412D-94DE-0BD1705C5106}.Release|Any CPU.ActiveCfg = Release|Any CPU
		{D0AF3F58-7595-412D-94DE-0BD1705C5106}.Release|Any CPU.Build.0 = Release|Any CPU
		{3C6DBF4A-F6EB-4DBF-B434-15DA2FF161E2}.Debug|Any CPU.ActiveCfg = Debug|Any CPU
		{3C6DBF4A-F6EB-4DBF-B434-15DA2FF161E2}.Debug|Any CPU.Build.0 = Debug|Any CPU
		{3C6DBF4A-F6EB-4DBF-B434-15DA2FF161E2}.Release|Any CPU.ActiveCfg = Release|Any CPU
		{3C6DBF4A-F6EB-4DBF-B434-15DA2FF161E2}.Release|Any CPU.Build.0 = Release|Any CPU
		{FB5DED90-33BB-4F22-812A-D3BA5EFDFB27}.Debug|Any CPU.ActiveCfg = Debug|Any CPU
		{FB5DED90-33BB-4F22-812A-D3BA5EFDFB27}.Debug|Any CPU.Build.0 = Debug|Any CPU
		{FB5DED90-33BB-4F22-812A-D3BA5EFDFB27}.Release|Any CPU.ActiveCfg = Release|Any CPU
		{FB5DED90-33BB-4F22-812A-D3BA5EFDFB27}.Release|Any CPU.Build.0 = Release|Any CPU
		{286D400F-492C-4970-BA40-FADD9B77BC64}.Debug|Any CPU.ActiveCfg = Debug|Any CPU
		{286D400F-492C-4970-BA40-FADD9B77BC64}.Debug|Any CPU.Build.0 = Debug|Any CPU
		{286D400F-492C-4970-BA40-FADD9B77BC64}.Release|Any CPU.ActiveCfg = Release|Any CPU
		{286D400F-492C-4970-BA40-FADD9B77BC64}.Release|Any CPU.Build.0 = Release|Any CPU
	EndGlobalSection
	GlobalSection(SolutionProperties) = preSolution
		HideSolutionNode = FALSE
	EndGlobalSection
	GlobalSection(ExtensibilityGlobals) = postSolution
		SolutionGuid = {75A30C2B-D1B7-422C-934F-2515985F35ED}
	EndGlobalSection
EndGlobal
