
Microsoft Visual Studio Solution File, Format Version 12.00
# Visual Studio Version 16
VisualStudioVersion = 16.0.29613.14
MinimumVisualStudioVersion = 10.0.40219.1
Project("{FAE04EC0-301F-11D3-BF4B-00C04F79EFBC}") = "01_LINQ", "01_LINQ\01_LINQ.csproj", "{98E0570B-7ECC-4030-BF10-07479C8E7707}"
EndProject
Project("{FAE04EC0-301F-11D3-BF4B-00C04F79EFBC}") = "02_LINQ", "02_LINQ\02_LINQ.csproj", "{ACD44AC4-521C-4452-8163-F6BA235DA06E}"
EndProject
Project("{FAE04EC0-301F-11D3-BF4B-00C04F79EFBC}") = "03_LINQ_OBJ", "03_LINQ\03_LINQ_OBJ.csproj", "{9E8DD9B4-3839-46B0-BCCA-EF7D9309734B}"
EndProject
Project("{FAE04EC0-301F-11D3-BF4B-00C04F79EFBC}") = "04_LINQ_JOIN", "04_LINQ_JOIN\04_LINQ_JOIN.csproj", "{2409BD84-80E5-42E6-974F-6906EDB04E9F}"
EndProject
Global
	GlobalSection(SolutionConfigurationPlatforms) = preSolution
		Debug|Any CPU = Debug|Any CPU
		Release|Any CPU = Release|Any CPU
	EndGlobalSection
	GlobalSection(ProjectConfigurationPlatforms) = postSolution
		{98E0570B-7ECC-4030-BF10-07479C8E7707}.Debug|Any CPU.ActiveCfg = Debug|Any CPU
		{98E0570B-7ECC-4030-BF10-07479C8E7707}.Debug|Any CPU.Build.0 = Debug|Any CPU
		{98E0570B-7ECC-4030-BF10-07479C8E7707}.Release|Any CPU.ActiveCfg = Release|Any CPU
		{98E0570B-7ECC-4030-BF10-07479C8E7707}.Release|Any CPU.Build.0 = Release|Any CPU
		{ACD44AC4-521C-4452-8163-F6BA235DA06E}.Debug|Any CPU.ActiveCfg = Debug|Any CPU
		{ACD44AC4-521C-4452-8163-F6BA235DA06E}.Debug|Any CPU.Build.0 = Debug|Any CPU
		{ACD44AC4-521C-4452-8163-F6BA235DA06E}.Release|Any CPU.ActiveCfg = Release|Any CPU
		{ACD44AC4-521C-4452-8163-F6BA235DA06E}.Release|Any CPU.Build.0 = Release|Any CPU
		{9E8DD9B4-3839-46B0-BCCA-EF7D9309734B}.Debug|Any CPU.ActiveCfg = Debug|Any CPU
		{9E8DD9B4-3839-46B0-BCCA-EF7D9309734B}.Debug|Any CPU.Build.0 = Debug|Any CPU
		{9E8DD9B4-3839-46B0-BCCA-EF7D9309734B}.Release|Any CPU.ActiveCfg = Release|Any CPU
		{9E8DD9B4-3839-46B0-BCCA-EF7D9309734B}.Release|Any CPU.Build.0 = Release|Any CPU
		{2409BD84-80E5-42E6-974F-6906EDB04E9F}.Debug|Any CPU.ActiveCfg = Debug|Any CPU
		{2409BD84-80E5-42E6-974F-6906EDB04E9F}.Debug|Any CPU.Build.0 = Debug|Any CPU
		{2409BD84-80E5-42E6-974F-6906EDB04E9F}.Release|Any CPU.ActiveCfg = Release|Any CPU
		{2409BD84-80E5-42E6-974F-6906EDB04E9F}.Release|Any CPU.Build.0 = Release|Any CPU
	EndGlobalSection
	GlobalSection(SolutionProperties) = preSolution
		HideSolutionNode = FALSE
	EndGlobalSection
	GlobalSection(ExtensibilityGlobals) = postSolution
		SolutionGuid = {5DF6F84D-42BC-4253-9E9D-D8171CB1F12E}
	EndGlobalSection
EndGlobal
